
Microsoft Visual Studio Solution File, Format Version 12.00
# Visual Studio 15
Project("{FAE04EC0-301F-11D3-BF4B-00C04F79EFBC}") = "NormalAlchemist", "Assembly-CSharp.csproj", "{A6BED823-4769-A0D2-F169-1AD4A47B4AEE}"
EndProject
Global
	GlobalSection(SolutionConfigurationPlatforms) = preSolution
		Debug|Any CPU = Debug|Any CPU
		Release|Any CPU = Release|Any CPU
	EndGlobalSection
	GlobalSection(ProjectConfigurationPlatforms) = postSolution
		{A6BED823-4769-A0D2-F169-1AD4A47B4AEE}.Debug|Any CPU.ActiveCfg = Debug|Any CPU
		{A6BED823-4769-A0D2-F169-1AD4A47B4AEE}.Debug|Any CPU.Build.0 = Debug|Any CPU
		{A6BED823-4769-A0D2-F169-1AD4A47B4AEE}.Release|Any CPU.ActiveCfg = Release|Any CPU
		{A6BED823-4769-A0D2-F169-1AD4A47B4AEE}.Release|Any CPU.Build.0 = Release|Any CPU
	EndGlobalSection
	GlobalSection(SolutionProperties) = preSolution
		HideSolutionNode = FALSE
	EndGlobalSection
EndGlobal
