
Microsoft Visual Studio Solution File, Format Version 12.00
# Visual Studio 15
Project("{FAE04EC0-301F-11D3-BF4B-00C04F79EFBC}") = "MapEditor", "Assembly-CSharp.csproj", "{8FDB5A40-4C78-576C-FBF9-6CA5ED291819}"
EndProject
Project("{FAE04EC0-301F-11D3-BF4B-00C04F79EFBC}") = "UnityEngine.UI", "..\..\..\Unity-Technologies\ui\UnityEngine.UI\UnityEngine.UI.csproj", "{CBC800DF-4DE1-4CBC-9C97-98CBB375204F}"
EndProject
Global
	GlobalSection(SolutionConfigurationPlatforms) = preSolution
		Debug|Any CPU = Debug|Any CPU
		Release|Any CPU = Release|Any CPU
	EndGlobalSection
	GlobalSection(ProjectConfigurationPlatforms) = postSolution
		{8FDB5A40-4C78-576C-FBF9-6CA5ED291819}.Debug|Any CPU.ActiveCfg = Debug|Any CPU
		{8FDB5A40-4C78-576C-FBF9-6CA5ED291819}.Debug|Any CPU.Build.0 = Debug|Any CPU
		{8FDB5A40-4C78-576C-FBF9-6CA5ED291819}.Release|Any CPU.ActiveCfg = Release|Any CPU
		{8FDB5A40-4C78-576C-FBF9-6CA5ED291819}.Release|Any CPU.Build.0 = Release|Any CPU
		{CBC800DF-4DE1-4CBC-9C97-98CBB375204F}.Debug|Any CPU.ActiveCfg = Debug|Any CPU
		{CBC800DF-4DE1-4CBC-9C97-98CBB375204F}.Debug|Any CPU.Build.0 = Debug|Any CPU
		{CBC800DF-4DE1-4CBC-9C97-98CBB375204F}.Release|Any CPU.ActiveCfg = Release|Any CPU
		{CBC800DF-4DE1-4CBC-9C97-98CBB375204F}.Release|Any CPU.Build.0 = Release|Any CPU
	EndGlobalSection
	GlobalSection(SolutionProperties) = preSolution
		HideSolutionNode = FALSE
	EndGlobalSection
EndGlobal
